// !$*UTF8*$!
{
	archiveVersion = 1;
	classes = {
	};
	objectVersion = 46;
	objects = {

/* Begin PBXBuildFile section */
		CAE8F3031CEA15A500170ECC /* AppDelegate.swift in Sources */ = {isa = PBXBuildFile; fileRef = CAE8F3021CEA15A500170ECC /* AppDelegate.swift */; };
		CAE8F3051CEA15A500170ECC /* ViewController.swift in Sources */ = {isa = PBXBuildFile; fileRef = CAE8F3041CEA15A500170ECC /* ViewController.swift */; };
		CAE8F3081CEA15A500170ECC /* Main.storyboard in Resources */ = {isa = PBXBuildFile; fileRef = CAE8F3061CEA15A500170ECC /* Main.storyboard */; };
		CAE8F30A1CEA15A500170ECC /* Assets.xcassets in Resources */ = {isa = PBXBuildFile; fileRef = CAE8F3091CEA15A500170ECC /* Assets.xcassets */; };
		CAE8F30D1CEA15A500170ECC /* LaunchScreen.storyboard in Resources */ = {isa = PBXBuildFile; fileRef = CAE8F30B1CEA15A500170ECC /* LaunchScreen.storyboard */; };
		CAE8F3171CEA163900170ECC /* ObjectiveCFile.m in Sources */ = {isa = PBXBuildFile; fileRef = CAE8F3161CEA163900170ECC /* ObjectiveCFile.m */; };
/* End PBXBuildFile section */

/* Begin PBXFileReference section */
		CAE8F2FF1CEA15A500170ECC /* ObjectiveCFileInSwift.app */ = {isa = PBXFileReference; explicitFileType = wrapper.application; includeInIndex = 0; path = ObjectiveCFileInSwift.app; sourceTree = BUILT_PRODUCTS_DIR; };
		CAE8F3021CEA15A500170ECC /* AppDelegate.swift */ = {isa = PBXFileReference; lastKnownFileType = sourcecode.swift; path = AppDelegate.swift; sourceTree = "<group>"; };
		CAE8F3041CEA15A500170ECC /* ViewController.swift */ = {isa = PBXFileReference; lastKnownFileType = sourcecode.swift; path = ViewController.swift; sourceTree = "<group>"; };
		CAE8F3071CEA15A500170ECC /* Base */ = {isa = PBXFileReference; lastKnownFileType = file.storyboard; name = Base; path = Base.lproj/Main.storyboard; sourceTree = "<group>"; };
		CAE8F3091CEA15A500170ECC /* Assets.xcassets */ = {isa = PBXFileReference; lastKnownFileType = folder.assetcatalog; path = Assets.xcassets; sourceTree = "<group>"; };
		CAE8F30C1CEA15A500170ECC /* Base */ = {isa = PBXFileReference; lastKnownFileType = file.storyboard; name = Base; path = Base.lproj/LaunchScreen.storyboard; sourceTree = "<group>"; };
		CAE8F30E1CEA15A500170ECC /* Info.plist */ = {isa = PBXFileReference; lastKnownFileType = text.plist.xml; path = Info.plist; sourceTree = "<group>"; };
		CAE8F3141CEA163900170ECC /* ObjectiveCFileInSwift-Bridging-Header.h */ = {isa = PBXFileReference; lastKnownFileType = sourcecode.c.h; path = "ObjectiveCFileInSwift-Bridging-Header.h"; sourceTree = "<group>"; };
		CAE8F3151CEA163900170ECC /* ObjectiveCFile.h */ = {isa = PBXFileReference; fileEncoding = 4; lastKnownFileType = sourcecode.c.h; path = ObjectiveCFile.h; sourceTree = "<group>"; };
		CAE8F3161CEA163900170ECC /* ObjectiveCFile.m */ = {isa = PBXFileReference; fileEncoding = 4; lastKnownFileType = sourcecode.c.objc; path = ObjectiveCFile.m; sourceTree = "<group>"; };
/* End PBXFileReference section */

/* Begin PBXFrameworksBuildPhase section */
		CAE8F2FC1CEA15A500170ECC /* Frameworks */ = {
			isa = PBXFrameworksBuildPhase;
			buildActionMask = 2147483647;
			files = (
			);
			runOnlyForDeploymentPostprocessing = 0;
		};
/* End PBXFrameworksBuildPhase section */

/* Begin PBXGroup section */
		CAE8F2F61CEA15A500170ECC = {
			isa = PBXGroup;
			children = (
				CAE8F3011CEA15A500170ECC /* ObjectiveCFileInSwift */,
				CAE8F3001CEA15A500170ECC /* Products */,
			);
			sourceTree = "<group>";
		};
		CAE8F3001CEA15A500170ECC /* Products */ = {
			isa = PBXGroup;
			children = (
				CAE8F2FF1CEA15A500170ECC /* ObjectiveCFileInSwift.app */,
			);
			name = Products;
			sourceTree = "<group>";
		};
		CAE8F3011CEA15A500170ECC /* ObjectiveCFileInSwift */ = {
			isa = PBXGroup;
			children = (
				CAE8F3021CEA15A500170ECC /* AppDelegate.swift */,
				CAE8F3041CEA15A500170ECC /* ViewController.swift */,
				CAE8F3061CEA15A500170ECC /* Main.storyboard */,
				CAE8F3091CEA15A500170ECC /* Assets.xcassets */,
				CAE8F30B1CEA15A500170ECC /* LaunchScreen.storyboard */,
				CAE8F30E1CEA15A500170ECC /* Info.plist */,
				CAE8F3151CEA163900170ECC /* ObjectiveCFile.h */,
				CAE8F3161CEA163900170ECC /* ObjectiveCFile.m */,
				CAE8F3141CEA163900170ECC /* ObjectiveCFileInSwift-Bridging-Header.h */,
			);
			path = ObjectiveCFileInSwift;
			sourceTree = "<group>";
		};
/* End PBXGroup section */

/* Begin PBXNativeTarget section */
		CAE8F2FE1CEA15A500170ECC /* ObjectiveCFileInSwift */ = {
			isa = PBXNativeTarget;
			buildConfigurationList = CAE8F3111CEA15A500170ECC /* Build configuration list for PBXNativeTarget "ObjectiveCFileInSwift" */;
			buildPhases = (
				CAE8F2FB1CEA15A500170ECC /* Sources */,
				CAE8F2FC1CEA15A500170ECC /* Frameworks */,
				CAE8F2FD1CEA15A500170ECC /* Resources */,
			);
			buildRules = (
			);
			dependencies = (
			);
			name = ObjectiveCFileInSwift;
			productName = ObjectiveCFileInSwift;
			productReference = CAE8F2FF1CEA15A500170ECC /* ObjectiveCFileInSwift.app */;
			productType = "com.apple.product-type.application";
		};
/* End PBXNativeTarget section */

/* Begin PBXProject section */
		CAE8F2F71CEA15A500170ECC /* Project object */ = {
			isa = PBXProject;
			attributes = {
				LastSwiftUpdateCheck = 0730;
				LastUpgradeCheck = 0730;
				ORGANIZATIONNAME = TheiHartFirm;
				TargetAttributes = {
					CAE8F2FE1CEA15A500170ECC = {
						CreatedOnToolsVersion = 7.3.1;
					};
				};
			};
			buildConfigurationList = CAE8F2FA1CEA15A500170ECC /* Build configuration list for PBXProject "ObjectiveCFileInSwift" */;
			compatibilityVersion = "Xcode 3.2";
			developmentRegion = English;
			hasScannedForEncodings = 0;
			knownRegions = (
				en,
				Base,
			);
			mainGroup = CAE8F2F61CEA15A500170ECC;
			productRefGroup = CAE8F3001CEA15A500170ECC /* Products */;
			projectDirPath = "";
			projectRoot = "";
			targets = (
				CAE8F2FE1CEA15A500170ECC /* ObjectiveCFileInSwift */,
			);
		};
/* End PBXProject section */

/* Begin PBXResourcesBuildPhase section */
		CAE8F2FD1CEA15A500170ECC /* Resources */ = {
			isa = PBXResourcesBuildPhase;
			buildActionMask = 2147483647;
			files = (
				CAE8F30D1CEA15A500170ECC /* LaunchScreen.storyboard in Resources */,
				CAE8F30A1CEA15A500170ECC /* Assets.xcassets in Resources */,
				CAE8F3081CEA15A500170ECC /* Main.storyboard in Resources */,
			);
			runOnlyForDeploymentPostprocessing = 0;
		};
/* End PBXResourcesBuildPhase section */

/* Begin PBXSourcesBuildPhase section */
		CAE8F2FB1CEA15A500170ECC /* Sources */ = {
			isa = PBXSourcesBuildPhase;
			buildActionMask = 2147483647;
			files = (
				CAE8F3171CEA163900170ECC /* ObjectiveCFile.m in Sources */,
				CAE8F3051CEA15A500170ECC /* ViewController.swift in Sources */,
				CAE8F3031CEA15A500170ECC /* AppDelegate.swift in Sources */,
			);
			runOnlyForDeploymentPostprocessing = 0;
		};
/* End PBXSourcesBuildPhase section */

/* Begin PBXVariantGroup section */
		CAE8F3061CEA15A500170ECC /* Main.storyboard */ = {
			isa = PBXVariantGroup;
			children = (
				CAE8F3071CEA15A500170ECC /* Base */,
			);
			name = Main.storyboard;
			sourceTree = "<group>";
		};
		CAE8F30B1CEA15A500170ECC /* LaunchScreen.storyboard */ = {
			isa = PBXVariantGroup;
			children = (
				CAE8F30C1CEA15A500170ECC /* Base */,
			);
			name = LaunchScreen.storyboard;
			sourceTree = "<group>";
		};
/* End PBXVariantGroup section */

/* Begin XCBuildConfiguration section */
		CAE8F30F1CEA15A500170ECC /* Debug */ = {
			isa = XCBuildConfiguration;
			buildSettings = {
				ALWAYS_SEARCH_USER_PATHS = NO;
				CLANG_ANALYZER_NONNULL = YES;
				CLANG_CXX_LANGUAGE_STANDARD = "gnu++0x";
				CLANG_CXX_LIBRARY = "libc++";
				CLANG_ENABLE_MODULES = YES;
				CLANG_ENABLE_OBJC_ARC = YES;
				CLANG_WARN_BOOL_CONVERSION = YES;
				CLANG_WARN_CONSTANT_CONVERSION = YES;
				CLANG_WARN_DIRECT_OBJC_ISA_USAGE = YES_ERROR;
				CLANG_WARN_EMPTY_BODY = YES;
				CLANG_WARN_ENUM_CONVERSION = YES;
				CLANG_WARN_INT_CONVERSION = YES;
				CLANG_WARN_OBJC_ROOT_CLASS = YES_ERROR;
				CLANG_WARN_UNREACHABLE_CODE = YES;
				CLANG_WARN__DUPLICATE_METHOD_MATCH = YES;
				"CODE_SIGN_IDENTITY[sdk=iphoneos*]" = "iPhone Developer";
				COPY_PHASE_STRIP = NO;
				DEBUG_INFORMATION_FORMAT = dwarf;
				ENABLE_STRICT_OBJC_MSGSEND = YES;
				ENABLE_TESTABILITY = YES;
				GCC_C_LANGUAGE_STANDARD = gnu99;
				GCC_DYNAMIC_NO_PIC = NO;
				GCC_NO_COMMON_BLOCKS = YES;
				GCC_OPTIMIZATION_LEVEL = 0;
				GCC_PREPROCESSOR_DEFINITIONS = (
					"DEBUG=1",
					"$(inherited)",
				);
				GCC_WARN_64_TO_32_BIT_CONVERSION = YES;
				GCC_WARN_ABOUT_RETURN_TYPE = YES_ERROR;
				GCC_WARN_UNDECLARED_SELECTOR = YES;
				GCC_WARN_UNINITIALIZED_AUTOS = YES_AGGRESSIVE;
				GCC_WARN_UNUSED_FUNCTION = YES;
				GCC_WARN_UNUSED_VARIABLE = YES;
				IPHONEOS_DEPLOYMENT_TARGET = 9.3;
				MTL_ENABLE_DEBUG_INFO = YES;
				ONLY_ACTIVE_ARCH = YES;
				SDKROOT = iphoneos;
				SWIFT_OPTIMIZATION_LEVEL = "-Onone";
				TARGETED_DEVICE_FAMILY = "1,2";
			};
			name = Debug;
		};
		CAE8F3101CEA15A500170ECC /* Release */ = {
			isa = XCBuildConfiguration;
			buildSettings = {
				ALWAYS_SEARCH_USER_PATHS = NO;
				CLANG_ANALYZER_NONNULL = YES;
				CLANG_CXX_LANGUAGE_STANDARD = "gnu++0x";
				CLANG_CXX_LIBRARY = "libc++";
				CLANG_ENABLE_MODULES = YES;
				CLANG_ENABLE_OBJC_ARC = YES;
				CLANG_WARN_BOOL_CONVERSION = YES;
				CLANG_WARN_CONSTANT_CONVERSION = YES;
				CLANG_WARN_DIRECT_OBJC_ISA_USAGE = YES_ERROR;
				CLANG_WARN_EMPTY_BODY = YES;
				CLANG_WARN_ENUM_CONVERSION = YES;
				CLANG_WARN_INT_CONVERSION = YES;
				CLANG_WARN_OBJC_ROOT_CLASS = YES_ERROR;
				CLANG_WARN_UNREACHABLE_CODE = YES;
				CLANG_WARN__DUPLICATE_METHOD_MATCH = YES;
				"CODE_SIGN_IDENTITY[sdk=iphoneos*]" = "iPhone Developer";
				COPY_PHASE_STRIP = NO;
				DEBUG_INFORMATION_FORMAT = "dwarf-with-dsym";
				ENABLE_NS_ASSERTIONS = NO;
				ENABLE_STRICT_OBJC_MSGSEND = YES;
				GCC_C_LANGUAGE_STANDARD = gnu99;
				GCC_NO_COMMON_BLOCKS = YES;
				GCC_WARN_64_TO_32_BIT_CONVERSION = YES;
				GCC_WARN_ABOUT_RETURN_TYPE = YES_ERROR;
				GCC_WARN_UNDECLARED_SELECTOR = YES;
				GCC_WARN_UNINITIALIZED_AUTOS = YES_AGGRESSIVE;
				GCC_WARN_UNUSED_FUNCTION = YES;
				GCC_WARN_UNUSED_VARIABLE = YES;
				IPHONEOS_DEPLOYMENT_TARGET = 9.3;
				MTL_ENABLE_DEBUG_INFO = NO;
				SDKROOT = iphoneos;
				TARGETED_DEVICE_FAMILY = "1,2";
				VALIDATE_PRODUCT = YES;
			};
			name = Release;
		};
		CAE8F3121CEA15A500170ECC /* Debug */ = {
			isa = XCBuildConfiguration;
			buildSettings = {
				ASSETCATALOG_COMPILER_APPICON_NAME = AppIcon;
				CLANG_ENABLE_MODULES = YES;
				INFOPLIST_FILE = ObjectiveCFileInSwift/Info.plist;
				LD_RUNPATH_SEARCH_PATHS = "$(inherited) @executable_path/Frameworks";
				PRODUCT_BUNDLE_IDENTIFIER = com.iHart.ObjectiveCFileInSwift;
				PRODUCT_NAME = "$(TARGET_NAME)";
				SWIFT_OBJC_BRIDGING_HEADER = "ObjectiveCFileInSwift/ObjectiveCFileInSwift-Bridging-Header.h";
				SWIFT_OPTIMIZATION_LEVEL = "-Onone";
			};
			name = Debug;
		};
		CAE8F3131CEA15A500170ECC /* Release */ = {
			isa = XCBuildConfiguration;
			buildSettings = {
				ASSETCATALOG_COMPILER_APPICON_NAME = AppIcon;
				CLANG_ENABLE_MODULES = YES;
				INFOPLIST_FILE = ObjectiveCFileInSwift/Info.plist;
				LD_RUNPATH_SEARCH_PATHS = "$(inherited) @executable_path/Frameworks";
				PRODUCT_BUNDLE_IDENTIFIER = com.iHart.ObjectiveCFileInSwift;
				PRODUCT_NAME = "$(TARGET_NAME)";
				SWIFT_OBJC_BRIDGING_HEADER = "ObjectiveCFileInSwift/ObjectiveCFileInSwift-Bridging-Header.h";
			};
			name = Release;
		};
/* End XCBuildConfiguration section */

/* Begin XCConfigurationList section */
		CAE8F2FA1CEA15A500170ECC /* Build configuration list for PBXProject "ObjectiveCFileInSwift" */ = {
			isa = XCConfigurationList;
			buildConfigurations = (
				CAE8F30F1CEA15A500170ECC /* Debug */,
				CAE8F3101CEA15A500170ECC /* Release */,
			);
			defaultConfigurationIsVisible = 0;
			defaultConfigurationName = Release;
		};
		CAE8F3111CEA15A500170ECC /* Build configuration list for PBXNativeTarget "ObjectiveCFileInSwift" */ = {
			isa = XCConfigurationList;
			buildConfigurations = (
				CAE8F3121CEA15A500170ECC /* Debug */,
				CAE8F3131CEA15A500170ECC /* Release */,
			);
			defaultConfigurationIsVisible = 0;
		};
/* End XCConfigurationList section */
	};
	rootObject = CAE8F2F71CEA15A500170ECC /* Project object */;
}
